
Microsoft Visual Studio Solution File, Format Version 12.00
# Visual Studio Version 17
VisualStudioVersion = 17.14.36301.6
MinimumVisualStudioVersion = 10.0.40219.1
Project("{FAE04EC0-301F-11D3-BF4B-00C04F79EFBC}") = "AcademiaDoZe.Domain", "AcademiaDoZe.Domain\AcademiaDoZe.Domain.csproj", "{BCDB3370-68DC-4754-96FD-01520ABE88AA}"
EndProject
Project("{FAE04EC0-301F-11D3-BF4B-00C04F79EFBC}") = "AcademiaDoZe.Domain.Tests", "AcademiaDoZe.Domain.Tests\AcademiaDoZe.Domain.Tests.csproj", "{BF21D1FE-8BD6-4243-A97E-8501B24A026B}"
EndProject
Project("{FAE04EC0-301F-11D3-BF4B-00C04F79EFBC}") = "AcademiaDoZe.Infrastructure", "AcademiaDoZe.Infrastructure\AcademiaDoZe.Infrastructure.csproj", "{6A066847-E806-44FB-AB49-62691F8E7294}"
EndProject
Project("{FAE04EC0-301F-11D3-BF4B-00C04F79EFBC}") = "AcademiaDoZe.Infrastructure.Tests", "AcademiaDoZe.Infrastructure.Tests\AcademiaDoZe.Infrastructure.Tests.csproj", "{907C8612-AD6A-499E-B0C3-815EDCC2F1ED}"
EndProject
Project("{FAE04EC0-301F-11D3-BF4B-00C04F79EFBC}") = "AcademiaDoZe.Application", "AcademiaDoZe.Application\AcademiaDoZe.Application.csproj", "{C10361B5-6AF1-4ED6-B384-6CAFB729E666}"
EndProject
Project("{FAE04EC0-301F-11D3-BF4B-00C04F79EFBC}") = "AcademiaDoZe.Application.Tests", "AcademiaDoZe.Application.Tests\AcademiaDoZe.Application.Tests.csproj", "{F9A5E31D-67A7-42BB-87A6-DE96FEA982F9}"
EndProject
Project("{FAE04EC0-301F-11D3-BF4B-00C04F79EFBC}") = "AcademiaDoZe.Presentation.AppMaui", "AcademiaDoZe.Presentation.AppMaui\AcademiaDoZe.Presentation.AppMaui.csproj", "{EB03D040-C432-4452-8BEE-519497F104A7}"
EndProject
Global
	GlobalSection(SolutionConfigurationPlatforms) = preSolution
		Debug|Any CPU = Debug|Any CPU
		Release|Any CPU = Release|Any CPU
	EndGlobalSection
	GlobalSection(ProjectConfigurationPlatforms) = postSolution
		{BCDB3370-68DC-4754-96FD-01520ABE88AA}.Debug|Any CPU.ActiveCfg = Debug|Any CPU
		{BCDB3370-68DC-4754-96FD-01520ABE88AA}.Debug|Any CPU.Build.0 = Debug|Any CPU
		{BCDB3370-68DC-4754-96FD-01520ABE88AA}.Release|Any CPU.ActiveCfg = Release|Any CPU
		{BCDB3370-68DC-4754-96FD-01520ABE88AA}.Release|Any CPU.Build.0 = Release|Any CPU
		{BF21D1FE-8BD6-4243-A97E-8501B24A026B}.Debug|Any CPU.ActiveCfg = Debug|Any CPU
		{BF21D1FE-8BD6-4243-A97E-8501B24A026B}.Debug|Any CPU.Build.0 = Debug|Any CPU
		{BF21D1FE-8BD6-4243-A97E-8501B24A026B}.Release|Any CPU.ActiveCfg = Release|Any CPU
		{BF21D1FE-8BD6-4243-A97E-8501B24A026B}.Release|Any CPU.Build.0 = Release|Any CPU
		{6A066847-E806-44FB-AB49-62691F8E7294}.Debug|Any CPU.ActiveCfg = Debug|Any CPU
		{6A066847-E806-44FB-AB49-62691F8E7294}.Debug|Any CPU.Build.0 = Debug|Any CPU
		{6A066847-E806-44FB-AB49-62691F8E7294}.Release|Any CPU.ActiveCfg = Release|Any CPU
		{6A066847-E806-44FB-AB49-62691F8E7294}.Release|Any CPU.Build.0 = Release|Any CPU
		{907C8612-AD6A-499E-B0C3-815EDCC2F1ED}.Debug|Any CPU.ActiveCfg = Debug|Any CPU
		{907C8612-AD6A-499E-B0C3-815EDCC2F1ED}.Debug|Any CPU.Build.0 = Debug|Any CPU
		{907C8612-AD6A-499E-B0C3-815EDCC2F1ED}.Release|Any CPU.ActiveCfg = Release|Any CPU
		{907C8612-AD6A-499E-B0C3-815EDCC2F1ED}.Release|Any CPU.Build.0 = Release|Any CPU
		{C10361B5-6AF1-4ED6-B384-6CAFB729E666}.Debug|Any CPU.ActiveCfg = Debug|Any CPU
		{C10361B5-6AF1-4ED6-B384-6CAFB729E666}.Debug|Any CPU.Build.0 = Debug|Any CPU
		{C10361B5-6AF1-4ED6-B384-6CAFB729E666}.Release|Any CPU.ActiveCfg = Release|Any CPU
		{C10361B5-6AF1-4ED6-B384-6CAFB729E666}.Release|Any CPU.Build.0 = Release|Any CPU
		{F9A5E31D-67A7-42BB-87A6-DE96FEA982F9}.Debug|Any CPU.ActiveCfg = Debug|Any CPU
		{F9A5E31D-67A7-42BB-87A6-DE96FEA982F9}.Debug|Any CPU.Build.0 = Debug|Any CPU
		{F9A5E31D-67A7-42BB-87A6-DE96FEA982F9}.Release|Any CPU.ActiveCfg = Release|Any CPU
		{F9A5E31D-67A7-42BB-87A6-DE96FEA982F9}.Release|Any CPU.Build.0 = Release|Any CPU
		{EB03D040-C432-4452-8BEE-519497F104A7}.Debug|Any CPU.ActiveCfg = Debug|Any CPU
		{EB03D040-C432-4452-8BEE-519497F104A7}.Debug|Any CPU.Build.0 = Debug|Any CPU
		{EB03D040-C432-4452-8BEE-519497F104A7}.Debug|Any CPU.Deploy.0 = Debug|Any CPU
		{EB03D040-C432-4452-8BEE-519497F104A7}.Release|Any CPU.ActiveCfg = Release|Any CPU
		{EB03D040-C432-4452-8BEE-519497F104A7}.Release|Any CPU.Build.0 = Release|Any CPU
	EndGlobalSection
	GlobalSection(SolutionProperties) = preSolution
		HideSolutionNode = FALSE
	EndGlobalSection
	GlobalSection(ExtensibilityGlobals) = postSolution
		SolutionGuid = {F6633E87-F37A-4059-875D-EE1E699BB057}
	EndGlobalSection
EndGlobal
